// !$*UTF8*$!
{
	archiveVersion = 1;
	classes = {
	};
	objectVersion = 56;
	objects = {

/* Begin PBXBuildFile section */
		6A57DC232A20053B009700E2 /* Anim.swift in Sources */ = {isa = PBXBuildFile; fileRef = 6A57DC222A20053B009700E2 /* Anim.swift */; };
		6A57DC252A201858009700E2 /* NewButtonSet.swift in Sources */ = {isa = PBXBuildFile; fileRef = 6A57DC242A201858009700E2 /* NewButtonSet.swift */; };
		E18B70162A1DB42600394DBD /* FakeVoiceApp.swift in Sources */ = {isa = PBXBuildFile; fileRef = E18B70152A1DB42600394DBD /* FakeVoiceApp.swift */; };
		E18B701A2A1DB42600394DBD /* Assets.xcassets in Resources */ = {isa = PBXBuildFile; fileRef = E18B70192A1DB42600394DBD /* Assets.xcassets */; };
		E18B701D2A1DB42600394DBD /* Preview Assets.xcassets in Resources */ = {isa = PBXBuildFile; fileRef = E18B701C2A1DB42600394DBD /* Preview Assets.xcassets */; };
		E18B70272A1DB45200394DBD /* HomePage.swift in Sources */ = {isa = PBXBuildFile; fileRef = E18B70232A1DB45200394DBD /* HomePage.swift */; };
		E18B70282A1DB45200394DBD /* Voice List.swift in Sources */ = {isa = PBXBuildFile; fileRef = E18B70242A1DB45200394DBD /* Voice List.swift */; };
		E18B702A2A1DB45200394DBD /* File.swift in Sources */ = {isa = PBXBuildFile; fileRef = E18B70262A1DB45200394DBD /* File.swift */; };
/* End PBXBuildFile section */

/* Begin PBXFileReference section */
		6A57DC222A20053B009700E2 /* Anim.swift */ = {isa = PBXFileReference; lastKnownFileType = sourcecode.swift; path = Anim.swift; sourceTree = "<group>"; };
		6A57DC242A201858009700E2 /* NewButtonSet.swift */ = {isa = PBXFileReference; lastKnownFileType = sourcecode.swift; path = NewButtonSet.swift; sourceTree = "<group>"; };
		E18B70122A1DB42600394DBD /* FakeVoice.app */ = {isa = PBXFileReference; explicitFileType = wrapper.application; includeInIndex = 0; path = FakeVoice.app; sourceTree = BUILT_PRODUCTS_DIR; };
		E18B70152A1DB42600394DBD /* FakeVoiceApp.swift */ = {isa = PBXFileReference; lastKnownFileType = sourcecode.swift; path = FakeVoiceApp.swift; sourceTree = "<group>"; };
		E18B70192A1DB42600394DBD /* Assets.xcassets */ = {isa = PBXFileReference; lastKnownFileType = folder.assetcatalog; path = Assets.xcassets; sourceTree = "<group>"; };
		E18B701C2A1DB42600394DBD /* Preview Assets.xcassets */ = {isa = PBXFileReference; lastKnownFileType = folder.assetcatalog; path = "Preview Assets.xcassets"; sourceTree = "<group>"; };
		E18B70232A1DB45200394DBD /* HomePage.swift */ = {isa = PBXFileReference; fileEncoding = 4; lastKnownFileType = sourcecode.swift; path = HomePage.swift; sourceTree = "<group>"; };
		E18B70242A1DB45200394DBD /* Voice List.swift */ = {isa = PBXFileReference; fileEncoding = 4; lastKnownFileType = sourcecode.swift; path = "Voice List.swift"; sourceTree = "<group>"; };
		E18B70262A1DB45200394DBD /* File.swift */ = {isa = PBXFileReference; fileEncoding = 4; lastKnownFileType = sourcecode.swift; path = File.swift; sourceTree = "<group>"; };
/* End PBXFileReference section */

/* Begin PBXFrameworksBuildPhase section */
		E18B700F2A1DB42600394DBD /* Frameworks */ = {
			isa = PBXFrameworksBuildPhase;
			buildActionMask = 2147483647;
			files = (
			);
			runOnlyForDeploymentPostprocessing = 0;
		};
/* End PBXFrameworksBuildPhase section */

/* Begin PBXGroup section */
		E18B70092A1DB42500394DBD = {
			isa = PBXGroup;
			children = (
				E18B70142A1DB42600394DBD /* FakeVoice */,
				E18B70132A1DB42600394DBD /* Products */,
			);
			sourceTree = "<group>";
		};
		E18B70132A1DB42600394DBD /* Products */ = {
			isa = PBXGroup;
			children = (
				E18B70122A1DB42600394DBD /* FakeVoice.app */,
			);
			name = Products;
			sourceTree = "<group>";
		};
		E18B70142A1DB42600394DBD /* FakeVoice */ = {
			isa = PBXGroup;
			children = (
				E18B70262A1DB45200394DBD /* File.swift */,
				E18B70232A1DB45200394DBD /* HomePage.swift */,
				6A57DC222A20053B009700E2 /* Anim.swift */,
				6A57DC242A201858009700E2 /* NewButtonSet.swift */,
				E18B70242A1DB45200394DBD /* Voice List.swift */,
				E18B70152A1DB42600394DBD /* FakeVoiceApp.swift */,
				E18B70192A1DB42600394DBD /* Assets.xcassets */,
				E18B701B2A1DB42600394DBD /* Preview Content */,
			);
			path = FakeVoice;
			sourceTree = "<group>";
		};
		E18B701B2A1DB42600394DBD /* Preview Content */ = {
			isa = PBXGroup;
			children = (
				E18B701C2A1DB42600394DBD /* Preview Assets.xcassets */,
			);
			path = "Preview Content";
			sourceTree = "<group>";
		};
/* End PBXGroup section */

/* Begin PBXNativeTarget section */
		E18B70112A1DB42600394DBD /* FakeVoice */ = {
			isa = PBXNativeTarget;
			buildConfigurationList = E18B70202A1DB42600394DBD /* Build configuration list for PBXNativeTarget "FakeVoice" */;
			buildPhases = (
				E18B700E2A1DB42600394DBD /* Sources */,
				E18B700F2A1DB42600394DBD /* Frameworks */,
				E18B70102A1DB42600394DBD /* Resources */,
			);
			buildRules = (
			);
			dependencies = (
			);
			name = FakeVoice;
			productName = FakeVoice;
			productReference = E18B70122A1DB42600394DBD /* FakeVoice.app */;
			productType = "com.apple.product-type.application";
		};
/* End PBXNativeTarget section */

/* Begin PBXProject section */
		E18B700A2A1DB42500394DBD /* Project object */ = {
			isa = PBXProject;
			attributes = {
				BuildIndependentTargetsInParallel = 1;
				LastSwiftUpdateCheck = 1430;
				LastUpgradeCheck = 1430;
				TargetAttributes = {
					E18B70112A1DB42600394DBD = {
						CreatedOnToolsVersion = 14.3;
					};
				};
			};
			buildConfigurationList = E18B700D2A1DB42500394DBD /* Build configuration list for PBXProject "FakeVoice" */;
			compatibilityVersion = "Xcode 14.0";
			developmentRegion = en;
			hasScannedForEncodings = 0;
			knownRegions = (
				en,
				Base,
			);
			mainGroup = E18B70092A1DB42500394DBD;
			productRefGroup = E18B70132A1DB42600394DBD /* Products */;
			projectDirPath = "";
			projectRoot = "";
			targets = (
				E18B70112A1DB42600394DBD /* FakeVoice */,
			);
		};
/* End PBXProject section */

/* Begin PBXResourcesBuildPhase section */
		E18B70102A1DB42600394DBD /* Resources */ = {
			isa = PBXResourcesBuildPhase;
			buildActionMask = 2147483647;
			files = (
				E18B701D2A1DB42600394DBD /* Preview Assets.xcassets in Resources */,
				E18B701A2A1DB42600394DBD /* Assets.xcassets in Resources */,
			);
			runOnlyForDeploymentPostprocessing = 0;
		};
/* End PBXResourcesBuildPhase section */

/* Begin PBXSourcesBuildPhase section */
		E18B700E2A1DB42600394DBD /* Sources */ = {
			isa = PBXSourcesBuildPhase;
			buildActionMask = 2147483647;
			files = (
				6A57DC252A201858009700E2 /* NewButtonSet.swift in Sources */,
				6A57DC232A20053B009700E2 /* Anim.swift in Sources */,
				E18B702A2A1DB45200394DBD /* File.swift in Sources */,
				E18B70282A1DB45200394DBD /* Voice List.swift in Sources */,
				E18B70272A1DB45200394DBD /* HomePage.swift in Sources */,
				E18B70162A1DB42600394DBD /* FakeVoiceApp.swift in Sources */,
			);
			runOnlyForDeploymentPostprocessing = 0;
		};
/* End PBXSourcesBuildPhase section */

/* Begin XCBuildConfiguration section */
		E18B701E2A1DB42600394DBD /* Debug */ = {
			isa = XCBuildConfiguration;
			buildSettings = {
				ALWAYS_SEARCH_USER_PATHS = NO;
				CLANG_ANALYZER_NONNULL = YES;
				CLANG_ANALYZER_NUMBER_OBJECT_CONVERSION = YES_AGGRESSIVE;
				CLANG_CXX_LANGUAGE_STANDARD = "gnu++20";
				CLANG_ENABLE_MODULES = YES;
				CLANG_ENABLE_OBJC_ARC = YES;
				CLANG_ENABLE_OBJC_WEAK = YES;
				CLANG_WARN_BLOCK_CAPTURE_AUTORELEASING = YES;
				CLANG_WARN_BOOL_CONVERSION = YES;
				CLANG_WARN_COMMA = YES;
				CLANG_WARN_CONSTANT_CONVERSION = YES;
				CLANG_WARN_DEPRECATED_OBJC_IMPLEMENTATIONS = YES;
				CLANG_WARN_DIRECT_OBJC_ISA_USAGE = YES_ERROR;
				CLANG_WARN_DOCUMENTATION_COMMENTS = YES;
				CLANG_WARN_EMPTY_BODY = YES;
				CLANG_WARN_ENUM_CONVERSION = YES;
				CLANG_WARN_INFINITE_RECURSION = YES;
				CLANG_WARN_INT_CONVERSION = YES;
				CLANG_WARN_NON_LITERAL_NULL_CONVERSION = YES;
				CLANG_WARN_OBJC_IMPLICIT_RETAIN_SELF = YES;
				CLANG_WARN_OBJC_LITERAL_CONVERSION = YES;
				CLANG_WARN_OBJC_ROOT_CLASS = YES_ERROR;
				CLANG_WARN_QUOTED_INCLUDE_IN_FRAMEWORK_HEADER = YES;
				CLANG_WARN_RANGE_LOOP_ANALYSIS = YES;
				CLANG_WARN_STRICT_PROTOTYPES = YES;
				CLANG_WARN_SUSPICIOUS_MOVE = YES;
				CLANG_WARN_UNGUARDED_AVAILABILITY = YES_AGGRESSIVE;
				CLANG_WARN_UNREACHABLE_CODE = YES;
				CLANG_WARN__DUPLICATE_METHOD_MATCH = YES;
				COPY_PHASE_STRIP = NO;
				DEBUG_INFORMATION_FORMAT = dwarf;
				ENABLE_STRICT_OBJC_MSGSEND = YES;
				ENABLE_TESTABILITY = YES;
				GCC_C_LANGUAGE_STANDARD = gnu11;
				GCC_DYNAMIC_NO_PIC = NO;
				GCC_NO_COMMON_BLOCKS = YES;
				GCC_OPTIMIZATION_LEVEL = 0;
				GCC_PREPROCESSOR_DEFINITIONS = (
					"DEBUG=1",
					"$(inherited)",
				);
				GCC_WARN_64_TO_32_BIT_CONVERSION = YES;
				GCC_WARN_ABOUT_RETURN_TYPE = YES_ERROR;
				GCC_WARN_UNDECLARED_SELECTOR = YES;
				GCC_WARN_UNINITIALIZED_AUTOS = YES_AGGRESSIVE;
				GCC_WARN_UNUSED_FUNCTION = YES;
				GCC_WARN_UNUSED_VARIABLE = YES;
				IPHONEOS_DEPLOYMENT_TARGET = 16.4;
				MTL_ENABLE_DEBUG_INFO = INCLUDE_SOURCE;
				MTL_FAST_MATH = YES;
				ONLY_ACTIVE_ARCH = YES;
				SDKROOT = iphoneos;
				SWIFT_ACTIVE_COMPILATION_CONDITIONS = DEBUG;
				SWIFT_OPTIMIZATION_LEVEL = "-Onone";
			};
			name = Debug;
		};
		E18B701F2A1DB42600394DBD /* Release */ = {
			isa = XCBuildConfiguration;
			buildSettings = {
				ALWAYS_SEARCH_USER_PATHS = NO;
				CLANG_ANALYZER_NONNULL = YES;
				CLANG_ANALYZER_NUMBER_OBJECT_CONVERSION = YES_AGGRESSIVE;
				CLANG_CXX_LANGUAGE_STANDARD = "gnu++20";
				CLANG_ENABLE_MODULES = YES;
				CLANG_ENABLE_OBJC_ARC = YES;
				CLANG_ENABLE_OBJC_WEAK = YES;
				CLANG_WARN_BLOCK_CAPTURE_AUTORELEASING = YES;
				CLANG_WARN_BOOL_CONVERSION = YES;
				CLANG_WARN_COMMA = YES;
				CLANG_WARN_CONSTANT_CONVERSION = YES;
				CLANG_WARN_DEPRECATED_OBJC_IMPLEMENTATIONS = YES;
				CLANG_WARN_DIRECT_OBJC_ISA_USAGE = YES_ERROR;
				CLANG_WARN_DOCUMENTATION_COMMENTS = YES;
				CLANG_WARN_EMPTY_BODY = YES;
				CLANG_WARN_ENUM_CONVERSION = YES;
				CLANG_WARN_INFINITE_RECURSION = YES;
				CLANG_WARN_INT_CONVERSION = YES;
				CLANG_WARN_NON_LITERAL_NULL_CONVERSION = YES;
				CLANG_WARN_OBJC_IMPLICIT_RETAIN_SELF = YES;
				CLANG_WARN_OBJC_LITERAL_CONVERSION = YES;
				CLANG_WARN_OBJC_ROOT_CLASS = YES_ERROR;
				CLANG_WARN_QUOTED_INCLUDE_IN_FRAMEWORK_HEADER = YES;
				CLANG_WARN_RANGE_LOOP_ANALYSIS = YES;
				CLANG_WARN_STRICT_PROTOTYPES = YES;
				CLANG_WARN_SUSPICIOUS_MOVE = YES;
				CLANG_WARN_UNGUARDED_AVAILABILITY = YES_AGGRESSIVE;
				CLANG_WARN_UNREACHABLE_CODE = YES;
				CLANG_WARN__DUPLICATE_METHOD_MATCH = YES;
				COPY_PHASE_STRIP = NO;
				DEBUG_INFORMATION_FORMAT = "dwarf-with-dsym";
				ENABLE_NS_ASSERTIONS = NO;
				ENABLE_STRICT_OBJC_MSGSEND = YES;
				GCC_C_LANGUAGE_STANDARD = gnu11;
				GCC_NO_COMMON_BLOCKS = YES;
				GCC_WARN_64_TO_32_BIT_CONVERSION = YES;
				GCC_WARN_ABOUT_RETURN_TYPE = YES_ERROR;
				GCC_WARN_UNDECLARED_SELECTOR = YES;
				GCC_WARN_UNINITIALIZED_AUTOS = YES_AGGRESSIVE;
				GCC_WARN_UNUSED_FUNCTION = YES;
				GCC_WARN_UNUSED_VARIABLE = YES;
				IPHONEOS_DEPLOYMENT_TARGET = 16.4;
				MTL_ENABLE_DEBUG_INFO = NO;
				MTL_FAST_MATH = YES;
				SDKROOT = iphoneos;
				SWIFT_COMPILATION_MODE = wholemodule;
				SWIFT_OPTIMIZATION_LEVEL = "-O";
				VALIDATE_PRODUCT = YES;
			};
			name = Release;
		};
		E18B70212A1DB42600394DBD /* Debug */ = {
			isa = XCBuildConfiguration;
			buildSettings = {
				ASSETCATALOG_COMPILER_APPICON_NAME = AppIcon;
				ASSETCATALOG_COMPILER_GLOBAL_ACCENT_COLOR_NAME = AccentColor;
				CODE_SIGN_STYLE = Automatic;
				CURRENT_PROJECT_VERSION = 1;
				DEVELOPMENT_ASSET_PATHS = "\"FakeVoice/Preview Content\"";
				DEVELOPMENT_TEAM = PY9AT75T9D;
				ENABLE_PREVIEWS = YES;
				GENERATE_INFOPLIST_FILE = YES;
				INFOPLIST_KEY_UIApplicationSceneManifest_Generation = YES;
				INFOPLIST_KEY_UIApplicationSupportsIndirectInputEvents = YES;
				INFOPLIST_KEY_UILaunchScreen_Generation = YES;
				INFOPLIST_KEY_UISupportedInterfaceOrientations_iPad = "UIInterfaceOrientationPortrait UIInterfaceOrientationPortraitUpsideDown UIInterfaceOrientationLandscapeLeft UIInterfaceOrientationLandscapeRight";
				INFOPLIST_KEY_UISupportedInterfaceOrientations_iPhone = "UIInterfaceOrientationPortrait UIInterfaceOrientationLandscapeLeft UIInterfaceOrientationLandscapeRight";
				LD_RUNPATH_SEARCH_PATHS = (
					"$(inherited)",
					"@executable_path/Frameworks",
				);
				MARKETING_VERSION = 1.0;
				PRODUCT_BUNDLE_IDENTIFIER = Mayank.FakeVoice;
				PRODUCT_NAME = "$(TARGET_NAME)";
				SWIFT_EMIT_LOC_STRINGS = YES;
				SWIFT_VERSION = 5.0;
				TARGETED_DEVICE_FAMILY = "1,2";
			};
			name = Debug;
		};
		E18B70222A1DB42600394DBD /* Release */ = {
			isa = XCBuildConfiguration;
			buildSettings = {
				ASSETCATALOG_COMPILER_APPICON_NAME = AppIcon;
				ASSETCATALOG_COMPILER_GLOBAL_ACCENT_COLOR_NAME = AccentColor;
				CODE_SIGN_STYLE = Automatic;
				CURRENT_PROJECT_VERSION = 1;
				DEVELOPMENT_ASSET_PATHS = "\"FakeVoice/Preview Content\"";
				DEVELOPMENT_TEAM = PY9AT75T9D;
				ENABLE_PREVIEWS = YES;
				GENERATE_INFOPLIST_FILE = YES;
				INFOPLIST_KEY_UIApplicationSceneManifest_Generation = YES;
				INFOPLIST_KEY_UIApplicationSupportsIndirectInputEvents = YES;
				INFOPLIST_KEY_UILaunchScreen_Generation = YES;
				INFOPLIST_KEY_UISupportedInterfaceOrientations_iPad = "UIInterfaceOrientationPortrait UIInterfaceOrientationPortraitUpsideDown UIInterfaceOrientationLandscapeLeft UIInterfaceOrientationLandscapeRight";
				INFOPLIST_KEY_UISupportedInterfaceOrientations_iPhone = "UIInterfaceOrientationPortrait UIInterfaceOrientationLandscapeLeft UIInterfaceOrientationLandscapeRight";
				LD_RUNPATH_SEARCH_PATHS = (
					"$(inherited)",
					"@executable_path/Frameworks",
				);
				MARKETING_VERSION = 1.0;
				PRODUCT_BUNDLE_IDENTIFIER = Mayank.FakeVoice;
				PRODUCT_NAME = "$(TARGET_NAME)";
				SWIFT_EMIT_LOC_STRINGS = YES;
				SWIFT_VERSION = 5.0;
				TARGETED_DEVICE_FAMILY = "1,2";
			};
			name = Release;
		};
/* End XCBuildConfiguration section */

/* Begin XCConfigurationList section */
		E18B700D2A1DB42500394DBD /* Build configuration list for PBXProject "FakeVoice" */ = {
			isa = XCConfigurationList;
			buildConfigurations = (
				E18B701E2A1DB42600394DBD /* Debug */,
				E18B701F2A1DB42600394DBD /* Release */,
			);
			defaultConfigurationIsVisible = 0;
			defaultConfigurationName = Release;
		};
		E18B70202A1DB42600394DBD /* Build configuration list for PBXNativeTarget "FakeVoice" */ = {
			isa = XCConfigurationList;
			buildConfigurations = (
				E18B70212A1DB42600394DBD /* Debug */,
				E18B70222A1DB42600394DBD /* Release */,
			);
			defaultConfigurationIsVisible = 0;
			defaultConfigurationName = Release;
		};
/* End XCConfigurationList section */
	};
	rootObject = E18B700A2A1DB42500394DBD /* Project object */;
}
